
Microsoft Visual Studio Solution File, Format Version 12.00
# Visual Studio Version 16
VisualStudioVersion = 16.0.31515.178
MinimumVisualStudioVersion = 10.0.40219.1
Project("{FAE04EC0-301F-11D3-BF4B-00C04F79EFBC}") = "Assignment", "Assignment.csproj", "{03BA60CB-8603-42C4-BDEE-51C7F96DA4CB}"
EndProject
Global
	GlobalSection(SolutionConfigurationPlatforms) = preSolution
		Debug|Any CPU = Debug|Any CPU
		Release|Any CPU = Release|Any CPU
	EndGlobalSection
	GlobalSection(ProjectConfigurationPlatforms) = postSolution
		{03BA60CB-8603-42C4-BDEE-51C7F96DA4CB}.Debug|Any CPU.ActiveCfg = Debug|Any CPU
		{03BA60CB-8603-42C4-BDEE-51C7F96DA4CB}.Debug|Any CPU.Build.0 = Debug|Any CPU
		{03BA60CB-8603-42C4-BDEE-51C7F96DA4CB}.Release|Any CPU.ActiveCfg = Release|Any CPU
		{03BA60CB-8603-42C4-BDEE-51C7F96DA4CB}.Release|Any CPU.Build.0 = Release|Any CPU
	EndGlobalSection
	GlobalSection(SolutionProperties) = preSolution
		HideSolutionNode = FALSE
	EndGlobalSection
	GlobalSection(ExtensibilityGlobals) = postSolution
		SolutionGuid = {27A38886-8AFE-4FA4-B1D5-0B0C95C10821}
	EndGlobalSection
EndGlobal
