
Microsoft Visual Studio Solution File, Format Version 12.00
# Visual Studio Version 16
VisualStudioVersion = 16.0.31829.152
MinimumVisualStudioVersion = 10.0.40219.1
Project("{FAE04EC0-301F-11D3-BF4B-00C04F79EFBC}") = "Assignment", "Assignment\Assignment.csproj", "{EEDE844F-C032-4C1C-AB74-AC30A1C01FB1}"
EndProject
Global
	GlobalSection(SolutionConfigurationPlatforms) = preSolution
		Debug|Any CPU = Debug|Any CPU
		Release|Any CPU = Release|Any CPU
	EndGlobalSection
	GlobalSection(ProjectConfigurationPlatforms) = postSolution
		{EEDE844F-C032-4C1C-AB74-AC30A1C01FB1}.Debug|Any CPU.ActiveCfg = Debug|Any CPU
		{EEDE844F-C032-4C1C-AB74-AC30A1C01FB1}.Debug|Any CPU.Build.0 = Debug|Any CPU
		{EEDE844F-C032-4C1C-AB74-AC30A1C01FB1}.Release|Any CPU.ActiveCfg = Release|Any CPU
		{EEDE844F-C032-4C1C-AB74-AC30A1C01FB1}.Release|Any CPU.Build.0 = Release|Any CPU
	EndGlobalSection
	GlobalSection(SolutionProperties) = preSolution
		HideSolutionNode = FALSE
	EndGlobalSection
	GlobalSection(ExtensibilityGlobals) = postSolution
		SolutionGuid = {8B892360-2BEF-43A8-BB3F-67DA5910E7E0}
	EndGlobalSection
EndGlobal
