
Microsoft Visual Studio Solution File, Format Version 12.00
# Visual Studio Version 16
VisualStudioVersion = 16.0.31829.152
MinimumVisualStudioVersion = 10.0.40219.1
Project("{FAE04EC0-301F-11D3-BF4B-00C04F79EFBC}") = "Assignment", "Assignment\Assignment.csproj", "{4203CE88-DB94-44D4-8966-A21E8BDD194E}"
EndProject
Global
	GlobalSection(SolutionConfigurationPlatforms) = preSolution
		Debug|Any CPU = Debug|Any CPU
		Release|Any CPU = Release|Any CPU
	EndGlobalSection
	GlobalSection(ProjectConfigurationPlatforms) = postSolution
		{4203CE88-DB94-44D4-8966-A21E8BDD194E}.Debug|Any CPU.ActiveCfg = Debug|Any CPU
		{4203CE88-DB94-44D4-8966-A21E8BDD194E}.Debug|Any CPU.Build.0 = Debug|Any CPU
		{4203CE88-DB94-44D4-8966-A21E8BDD194E}.Release|Any CPU.ActiveCfg = Release|Any CPU
		{4203CE88-DB94-44D4-8966-A21E8BDD194E}.Release|Any CPU.Build.0 = Release|Any CPU
	EndGlobalSection
	GlobalSection(SolutionProperties) = preSolution
		HideSolutionNode = FALSE
	EndGlobalSection
	GlobalSection(ExtensibilityGlobals) = postSolution
		SolutionGuid = {BB1C38F9-2F0F-486D-B855-8CC3D347AAFC}
	EndGlobalSection
EndGlobal
