
Microsoft Visual Studio Solution File, Format Version 12.00
# Visual Studio Version 16
VisualStudioVersion = 16.0.31829.152
MinimumVisualStudioVersion = 10.0.40219.1
Project("{FAE04EC0-301F-11D3-BF4B-00C04F79EFBC}") = "Practice", "Practice\Practice.csproj", "{5F18D437-A0FB-4699-8B30-A604B33DEA1F}"
EndProject
Global
	GlobalSection(SolutionConfigurationPlatforms) = preSolution
		Debug|Any CPU = Debug|Any CPU
		Release|Any CPU = Release|Any CPU
	EndGlobalSection
	GlobalSection(ProjectConfigurationPlatforms) = postSolution
		{5F18D437-A0FB-4699-8B30-A604B33DEA1F}.Debug|Any CPU.ActiveCfg = Debug|Any CPU
		{5F18D437-A0FB-4699-8B30-A604B33DEA1F}.Debug|Any CPU.Build.0 = Debug|Any CPU
		{5F18D437-A0FB-4699-8B30-A604B33DEA1F}.Release|Any CPU.ActiveCfg = Release|Any CPU
		{5F18D437-A0FB-4699-8B30-A604B33DEA1F}.Release|Any CPU.Build.0 = Release|Any CPU
	EndGlobalSection
	GlobalSection(SolutionProperties) = preSolution
		HideSolutionNode = FALSE
	EndGlobalSection
	GlobalSection(ExtensibilityGlobals) = postSolution
		SolutionGuid = {4A1D9168-7543-43D1-88EB-652389631B94}
	EndGlobalSection
EndGlobal
